Microsoft Visual Studio Solution File, Format Version 11.00
# Visual Studio 2008

Project("{87DE7143-65C4-5E68-09DA-C731B9FCB13D}") = "Strategy game", "Assembly-CSharp-vs.csproj", "{07D5D8BE-493C-5609-DA26-142B96E2DF92}"
EndProject
Project("{87DE7143-65C4-5E68-09DA-C731B9FCB13D}") = "Strategy game", "Assembly-CSharp-Editor-vs.csproj", "{B6F7E00C-4A13-11C6-8975-93B52A948BF1}"
EndProject
Global
	GlobalSection(SolutionConfigurationPlatforms) = preSolution
		Debug|Any CPU = Debug|Any CPU
		Release|Any CPU = Release|Any CPU
	EndGlobalSection
	GlobalSection(ProjectConfigurationPlatforms) = postSolution
		{07D5D8BE-493C-5609-DA26-142B96E2DF92}.Debug|Any CPU.ActiveCfg = Debug|Any CPU
		{07D5D8BE-493C-5609-DA26-142B96E2DF92}.Debug|Any CPU.Build.0 = Debug|Any CPU
		{07D5D8BE-493C-5609-DA26-142B96E2DF92}.Release|Any CPU.ActiveCfg = Release|Any CPU
		{07D5D8BE-493C-5609-DA26-142B96E2DF92}.Release|Any CPU.Build.0 = Release|Any CPU
		{B6F7E00C-4A13-11C6-8975-93B52A948BF1}.Debug|Any CPU.ActiveCfg = Debug|Any CPU
		{B6F7E00C-4A13-11C6-8975-93B52A948BF1}.Debug|Any CPU.Build.0 = Debug|Any CPU
		{B6F7E00C-4A13-11C6-8975-93B52A948BF1}.Release|Any CPU.ActiveCfg = Release|Any CPU
		{B6F7E00C-4A13-11C6-8975-93B52A948BF1}.Release|Any CPU.Build.0 = Release|Any CPU
	EndGlobalSection
	GlobalSection(SolutionProperties) = preSolution
		HideSolutionNode = FALSE
	EndGlobalSection
																																																																																																															GlobalSection(MonoDevelopProperties) = preSolution
		StartupItem = Assembly-CSharp.csproj
		Policies = $0
		$0.TextStylePolicy = $1
		$1.inheritsSet = null
		$1.scope = text/x-csharp
		$0.CSharpFormattingPolicy = $2
		$2.inheritsSet = Mono
		$2.inheritsScope = text/x-csharp
		$2.scope = text/x-csharp
		$0.TextStylePolicy = $3
		$3.FileWidth = 120
		$3.TabWidth = 4
		$3.IndentWidth = 4
		$3.EolMarker = Unix
		$3.inheritsSet = Mono
		$3.inheritsScope = text/plain
		$3.scope = text/plain
	EndGlobalSection

EndGlobal
